
Microsoft Visual Studio Solution File, Format Version 12.00
# Visual Studio Version 17
VisualStudioVersion = 17.11.35312.102
MinimumVisualStudioVersion = 10.0.40219.1
Project("{8BC9CEB8-8B4A-11D0-8D11-00A0C91BC942}") = "Lesson 4(repetition)", "Lesson 4(repetition).vcxproj", "{BBAFA475-AC27-4F4B-86CA-D2DA1A13AD44}"
EndProject
Project("{8BC9CEB8-8B4A-11D0-8D11-00A0C91BC942}") = "Lesson4.2", "Lesson4.2\Lesson4.2.vcxproj", "{08E542BA-8D5E-481E-8A00-6BA27B900E51}"
EndProject
Global
	GlobalSection(SolutionConfigurationPlatforms) = preSolution
		Debug|x64 = Debug|x64
		Debug|x86 = Debug|x86
		Release|x64 = Release|x64
		Release|x86 = Release|x86
	EndGlobalSection
	GlobalSection(ProjectConfigurationPlatforms) = postSolution
		{BBAFA475-AC27-4F4B-86CA-D2DA1A13AD44}.Debug|x64.ActiveCfg = Debug|x64
		{BBAFA475-AC27-4F4B-86CA-D2DA1A13AD44}.Debug|x64.Build.0 = Debug|x64
		{BBAFA475-AC27-4F4B-86CA-D2DA1A13AD44}.Debug|x86.ActiveCfg = Debug|Win32
		{BBAFA475-AC27-4F4B-86CA-D2DA1A13AD44}.Debug|x86.Build.0 = Debug|Win32
		{BBAFA475-AC27-4F4B-86CA-D2DA1A13AD44}.Release|x64.ActiveCfg = Release|x64
		{BBAFA475-AC27-4F4B-86CA-D2DA1A13AD44}.Release|x64.Build.0 = Release|x64
		{BBAFA475-AC27-4F4B-86CA-D2DA1A13AD44}.Release|x86.ActiveCfg = Release|Win32
		{BBAFA475-AC27-4F4B-86CA-D2DA1A13AD44}.Release|x86.Build.0 = Release|Win32
		{08E542BA-8D5E-481E-8A00-6BA27B900E51}.Debug|x64.ActiveCfg = Debug|x64
		{08E542BA-8D5E-481E-8A00-6BA27B900E51}.Debug|x64.Build.0 = Debug|x64
		{08E542BA-8D5E-481E-8A00-6BA27B900E51}.Debug|x86.ActiveCfg = Debug|Win32
		{08E542BA-8D5E-481E-8A00-6BA27B900E51}.Debug|x86.Build.0 = Debug|Win32
		{08E542BA-8D5E-481E-8A00-6BA27B900E51}.Release|x64.ActiveCfg = Release|x64
		{08E542BA-8D5E-481E-8A00-6BA27B900E51}.Release|x64.Build.0 = Release|x64
		{08E542BA-8D5E-481E-8A00-6BA27B900E51}.Release|x86.ActiveCfg = Release|Win32
		{08E542BA-8D5E-481E-8A00-6BA27B900E51}.Release|x86.Build.0 = Release|Win32
	EndGlobalSection
	GlobalSection(SolutionProperties) = preSolution
		HideSolutionNode = FALSE
	EndGlobalSection
	GlobalSection(ExtensibilityGlobals) = postSolution
		SolutionGuid = {A92DF718-9214-4CCD-9E87-C40F65818D77}
	EndGlobalSection
EndGlobal
